// !$*UTF8*$!
{
	archiveVersion = 1;
	classes = {
	};
	objectVersion = 46;
	objects = {

/* Begin PBXBuildFile section */
		080BC5A51F059D8E003BDE67 /* OpenGL.framework in Frameworks */ = {isa = PBXBuildFile; fileRef = 080BC5A41F059D8E003BDE67 /* OpenGL.framework */; };
		080BC5CD1F069F2E003BDE67 /* Cocoa.framework in Frameworks */ = {isa = PBXBuildFile; fileRef = 080BC5CC1F069F2E003BDE67 /* Cocoa.framework */; };
		080BC5D31F06A198003BDE67 /* CoreVideo.framework in Frameworks */ = {isa = PBXBuildFile; fileRef = 080BC5D21F06A198003BDE67 /* CoreVideo.framework */; };
		080BC5D51F06A292003BDE67 /* AppKit.framework in Frameworks */ = {isa = PBXBuildFile; fileRef = 080BC5D41F06A292003BDE67 /* AppKit.framework */; };
		080BC5D71F06A29D003BDE67 /* CoreData.framework in Frameworks */ = {isa = PBXBuildFile; fileRef = 080BC5D61F06A29D003BDE67 /* CoreData.framework */; };
		080BC5D91F06A2AE003BDE67 /* Foundation.framework in Frameworks */ = {isa = PBXBuildFile; fileRef = 080BC5D81F06A2AE003BDE67 /* Foundation.framework */; };
		08156FAE1FA79A34009702F5 /* diamonddevices.cpp in Sources */ = {isa = PBXBuildFile; fileRef = 08156FAC1FA79A34009702F5 /* diamonddevices.cpp */; };
		083CC0FF1F4CE0170054FD31 /* device.cpp in Sources */ = {isa = PBXBuildFile; fileRef = 083CC0E81F4CE0170054FD31 /* device.cpp */; };
		083CC1011F4CE0170054FD31 /* font.cpp in Sources */ = {isa = PBXBuildFile; fileRef = 083CC0EA1F4CE0170054FD31 /* font.cpp */; };
		083CC1021F4CE0170054FD31 /* main.cpp in Sources */ = {isa = PBXBuildFile; fileRef = 083CC0EB1F4CE0170054FD31 /* main.cpp */; };
		083CC1031F4CE0170054FD31 /* material.cpp in Sources */ = {isa = PBXBuildFile; fileRef = 083CC0EC1F4CE0170054FD31 /* material.cpp */; };
		083CC1041F4CE0170054FD31 /* math.cpp in Sources */ = {isa = PBXBuildFile; fileRef = 083CC0ED1F4CE0170054FD31 /* math.cpp */; };
		083CC1051F4CE0170054FD31 /* polyline.cpp in Sources */ = {isa = PBXBuildFile; fileRef = 083CC0EE1F4CE0170054FD31 /* polyline.cpp */; };
		083CC1061F4CE0170054FD31 /* primitives.cpp in Sources */ = {isa = PBXBuildFile; fileRef = 083CC0EF1F4CE0170054FD31 /* primitives.cpp */; };
		083CC1091F4CE0170054FD31 /* vector.cpp in Sources */ = {isa = PBXBuildFile; fileRef = 083CC0F21F4CE0170054FD31 /* vector.cpp */; };
		083CC1141F4CE0C00054FD31 /* eodevices.cpp in Sources */ = {isa = PBXBuildFile; fileRef = 083CC1121F4CE0C00054FD31 /* eodevices.cpp */; };
		083CC1151F4CE0C00054FD31 /* testdevices.cpp in Sources */ = {isa = PBXBuildFile; fileRef = 083CC1131F4CE0C00054FD31 /* testdevices.cpp */; };
		083CC1181F4CFCCD0054FD31 /* testing.cpp in Sources */ = {isa = PBXBuildFile; fileRef = 083CC1161F4CFCCD0054FD31 /* testing.cpp */; };
		083CC11B1F4CFCED0054FD31 /* boolean.cpp in Sources */ = {isa = PBXBuildFile; fileRef = 083CC1191F4CFCED0054FD31 /* boolean.cpp */; };
		084F2B7B1F5B3BE800C604EB /* window.cpp in Sources */ = {isa = PBXBuildFile; fileRef = 084F2B791F5B3BE800C604EB /* window.cpp */; };
		08A8D16F1F58D16200DC4F70 /* engine.cpp in Sources */ = {isa = PBXBuildFile; fileRef = 08A8D16D1F58D16200DC4F70 /* engine.cpp */; };
		08A8D1721F5B203C00DC4F70 /* pgdsNSOpenGLView.mm in Sources */ = {isa = PBXBuildFile; fileRef = 08A8D1711F5B203C00DC4F70 /* pgdsNSOpenGLView.mm */; };
		08D51B461F90342200091ECB /* testing.cpp in Sources */ = {isa = PBXBuildFile; fileRef = 083CC1161F4CFCCD0054FD31 /* testing.cpp */; };
		08D51B471F90342200091ECB /* testdevices.cpp in Sources */ = {isa = PBXBuildFile; fileRef = 083CC1131F4CE0C00054FD31 /* testdevices.cpp */; };
		08D51B481F90342200091ECB /* polyline.cpp in Sources */ = {isa = PBXBuildFile; fileRef = 083CC0EE1F4CE0170054FD31 /* polyline.cpp */; };
		08D51B491F90342200091ECB /* math.cpp in Sources */ = {isa = PBXBuildFile; fileRef = 083CC0ED1F4CE0170054FD31 /* math.cpp */; };
		08D51B4A1F90342200091ECB /* boolean.cpp in Sources */ = {isa = PBXBuildFile; fileRef = 083CC1191F4CFCED0054FD31 /* boolean.cpp */; };
		08D51B4B1F90342200091ECB /* font.cpp in Sources */ = {isa = PBXBuildFile; fileRef = 083CC0EA1F4CE0170054FD31 /* font.cpp */; };
		08D51B4C1F90342200091ECB /* vector.cpp in Sources */ = {isa = PBXBuildFile; fileRef = 083CC0F21F4CE0170054FD31 /* vector.cpp */; };
		08D51B4D1F90342200091ECB /* material.cpp in Sources */ = {isa = PBXBuildFile; fileRef = 083CC0EC1F4CE0170054FD31 /* material.cpp */; };
		08D51B4E1F90342200091ECB /* eodevices.cpp in Sources */ = {isa = PBXBuildFile; fileRef = 083CC1121F4CE0C00054FD31 /* eodevices.cpp */; };
		08D51B4F1F90342200091ECB /* primitives.cpp in Sources */ = {isa = PBXBuildFile; fileRef = 083CC0EF1F4CE0170054FD31 /* primitives.cpp */; };
		08D51B511F90342200091ECB /* pgdsNSOpenGLView.mm in Sources */ = {isa = PBXBuildFile; fileRef = 08A8D1711F5B203C00DC4F70 /* pgdsNSOpenGLView.mm */; };
		08D51B521F90342200091ECB /* window.cpp in Sources */ = {isa = PBXBuildFile; fileRef = 084F2B791F5B3BE800C604EB /* window.cpp */; };
		08D51B531F90342200091ECB /* engine.cpp in Sources */ = {isa = PBXBuildFile; fileRef = 08A8D16D1F58D16200DC4F70 /* engine.cpp */; };
		08D51B541F90342200091ECB /* device.cpp in Sources */ = {isa = PBXBuildFile; fileRef = 083CC0E81F4CE0170054FD31 /* device.cpp */; };
		08D51B561F90342200091ECB /* Foundation.framework in Frameworks */ = {isa = PBXBuildFile; fileRef = 080BC5D81F06A2AE003BDE67 /* Foundation.framework */; };
		08D51B571F90342200091ECB /* CoreData.framework in Frameworks */ = {isa = PBXBuildFile; fileRef = 080BC5D61F06A29D003BDE67 /* CoreData.framework */; };
		08D51B581F90342200091ECB /* AppKit.framework in Frameworks */ = {isa = PBXBuildFile; fileRef = 080BC5D41F06A292003BDE67 /* AppKit.framework */; };
		08D51B591F90342200091ECB /* CoreVideo.framework in Frameworks */ = {isa = PBXBuildFile; fileRef = 080BC5D21F06A198003BDE67 /* CoreVideo.framework */; };
		08D51B5A1F90342200091ECB /* Cocoa.framework in Frameworks */ = {isa = PBXBuildFile; fileRef = 080BC5CC1F069F2E003BDE67 /* Cocoa.framework */; };
		08D51B5B1F90342200091ECB /* OpenGL.framework in Frameworks */ = {isa = PBXBuildFile; fileRef = 080BC5A41F059D8E003BDE67 /* OpenGL.framework */; };
		08D51B611F90349F00091ECB /* main.mm in Sources */ = {isa = PBXBuildFile; fileRef = 083CC0FB1F4CE0170054FD31 /* main.mm */; };
/* End PBXBuildFile section */

/* Begin PBXCopyFilesBuildPhase section */
		08D51B5C1F90342200091ECB /* CopyFiles */ = {
			isa = PBXCopyFilesBuildPhase;
			buildActionMask = 2147483647;
			dstPath = /usr/share/man/man1/;
			dstSubfolderSpec = 0;
			files = (
			);
			runOnlyForDeploymentPostprocessing = 1;
		};
		08FBFB831F00AF9300C35A59 /* CopyFiles */ = {
			isa = PBXCopyFilesBuildPhase;
			buildActionMask = 2147483647;
			dstPath = /usr/share/man/man1/;
			dstSubfolderSpec = 0;
			files = (
			);
			runOnlyForDeploymentPostprocessing = 1;
		};
/* End PBXCopyFilesBuildPhase section */

/* Begin PBXFileReference section */
		080BC5A41F059D8E003BDE67 /* OpenGL.framework */ = {isa = PBXFileReference; lastKnownFileType = wrapper.framework; name = OpenGL.framework; path = System/Library/Frameworks/OpenGL.framework; sourceTree = SDKROOT; };
		080BC5CC1F069F2E003BDE67 /* Cocoa.framework */ = {isa = PBXFileReference; lastKnownFileType = wrapper.framework; name = Cocoa.framework; path = System/Library/Frameworks/Cocoa.framework; sourceTree = SDKROOT; };
		080BC5D21F06A198003BDE67 /* CoreVideo.framework */ = {isa = PBXFileReference; lastKnownFileType = wrapper.framework; name = CoreVideo.framework; path = System/Library/Frameworks/CoreVideo.framework; sourceTree = SDKROOT; };
		080BC5D41F06A292003BDE67 /* AppKit.framework */ = {isa = PBXFileReference; lastKnownFileType = wrapper.framework; name = AppKit.framework; path = System/Library/Frameworks/AppKit.framework; sourceTree = SDKROOT; };
		080BC5D61F06A29D003BDE67 /* CoreData.framework */ = {isa = PBXFileReference; lastKnownFileType = wrapper.framework; name = CoreData.framework; path = System/Library/Frameworks/CoreData.framework; sourceTree = SDKROOT; };
		080BC5D81F06A2AE003BDE67 /* Foundation.framework */ = {isa = PBXFileReference; lastKnownFileType = wrapper.framework; name = Foundation.framework; path = System/Library/Frameworks/Foundation.framework; sourceTree = SDKROOT; };
		08156FAC1FA79A34009702F5 /* diamonddevices.cpp */ = {isa = PBXFileReference; lastKnownFileType = sourcecode.cpp.cpp; path = diamonddevices.cpp; sourceTree = SOURCE_ROOT; };
		08156FAD1FA79A34009702F5 /* diamonddevices.hpp */ = {isa = PBXFileReference; lastKnownFileType = sourcecode.cpp.h; path = diamonddevices.hpp; sourceTree = SOURCE_ROOT; };
		083CC0D81F4CE0170054FD31 /* MainMenu.xib */ = {isa = PBXFileReference; fileEncoding = 4; lastKnownFileType = file.xib; name = MainMenu.xib; path = "pGDS/macOS OpenGL/MainMenu.xib"; sourceTree = SOURCE_ROOT; };
		083CC0DB1F4CE0170054FD31 /* Info.plist */ = {isa = PBXFileReference; fileEncoding = 4; lastKnownFileType = text.plist.xml; name = Info.plist; path = "pGDS/macOS OpenGL/Info.plist"; sourceTree = SOURCE_ROOT; };
		083CC0DD1F4CE0170054FD31 /* device.hpp */ = {isa = PBXFileReference; fileEncoding = 4; lastKnownFileType = sourcecode.cpp.h; path = device.hpp; sourceTree = SOURCE_ROOT; };
		083CC0DF1F4CE0170054FD31 /* font.hpp */ = {isa = PBXFileReference; fileEncoding = 4; lastKnownFileType = sourcecode.cpp.h; path = font.hpp; sourceTree = SOURCE_ROOT; };
		083CC0E01F4CE0170054FD31 /* material.hpp */ = {isa = PBXFileReference; fileEncoding = 4; lastKnownFileType = sourcecode.cpp.h; path = material.hpp; sourceTree = SOURCE_ROOT; };
		083CC0E11F4CE0170054FD31 /* math.hpp */ = {isa = PBXFileReference; fileEncoding = 4; lastKnownFileType = sourcecode.cpp.h; path = math.hpp; sourceTree = SOURCE_ROOT; };
		083CC0E21F4CE0170054FD31 /* polyline.hpp */ = {isa = PBXFileReference; fileEncoding = 4; lastKnownFileType = sourcecode.cpp.h; path = polyline.hpp; sourceTree = SOURCE_ROOT; };
		083CC0E31F4CE0170054FD31 /* primitives.hpp */ = {isa = PBXFileReference; fileEncoding = 4; lastKnownFileType = sourcecode.cpp.h; path = primitives.hpp; sourceTree = SOURCE_ROOT; };
		083CC0E61F4CE0170054FD31 /* vector.hpp */ = {isa = PBXFileReference; fileEncoding = 4; lastKnownFileType = sourcecode.cpp.h; path = vector.hpp; sourceTree = SOURCE_ROOT; };
		083CC0E81F4CE0170054FD31 /* device.cpp */ = {isa = PBXFileReference; fileEncoding = 4; lastKnownFileType = sourcecode.cpp.cpp; path = device.cpp; sourceTree = SOURCE_ROOT; };
		083CC0EA1F4CE0170054FD31 /* font.cpp */ = {isa = PBXFileReference; fileEncoding = 4; lastKnownFileType = sourcecode.cpp.cpp; path = font.cpp; sourceTree = SOURCE_ROOT; };
		083CC0EB1F4CE0170054FD31 /* main.cpp */ = {isa = PBXFileReference; fileEncoding = 4; lastKnownFileType = sourcecode.cpp.cpp; path = main.cpp; sourceTree = SOURCE_ROOT; };
		083CC0EC1F4CE0170054FD31 /* material.cpp */ = {isa = PBXFileReference; fileEncoding = 4; lastKnownFileType = sourcecode.cpp.cpp; path = material.cpp; sourceTree = SOURCE_ROOT; };
		083CC0ED1F4CE0170054FD31 /* math.cpp */ = {isa = PBXFileReference; fileEncoding = 4; lastKnownFileType = sourcecode.cpp.cpp; path = math.cpp; sourceTree = SOURCE_ROOT; };
		083CC0EE1F4CE0170054FD31 /* polyline.cpp */ = {isa = PBXFileReference; fileEncoding = 4; lastKnownFileType = sourcecode.cpp.cpp; path = polyline.cpp; sourceTree = SOURCE_ROOT; };
		083CC0EF1F4CE0170054FD31 /* primitives.cpp */ = {isa = PBXFileReference; fileEncoding = 4; lastKnownFileType = sourcecode.cpp.cpp; path = primitives.cpp; sourceTree = SOURCE_ROOT; };
		083CC0F21F4CE0170054FD31 /* vector.cpp */ = {isa = PBXFileReference; fileEncoding = 4; lastKnownFileType = sourcecode.cpp.cpp; path = vector.cpp; sourceTree = SOURCE_ROOT; };
		083CC0FB1F4CE0170054FD31 /* main.mm */ = {isa = PBXFileReference; fileEncoding = 4; lastKnownFileType = sourcecode.cpp.objcpp; path = main.mm; sourceTree = SOURCE_ROOT; };
		083CC1101F4CE0C00054FD31 /* eodevices.hpp */ = {isa = PBXFileReference; fileEncoding = 4; lastKnownFileType = sourcecode.cpp.h; path = eodevices.hpp; sourceTree = SOURCE_ROOT; };
		083CC1111F4CE0C00054FD31 /* testdevices.hpp */ = {isa = PBXFileReference; fileEncoding = 4; lastKnownFileType = sourcecode.cpp.h; path = testdevices.hpp; sourceTree = SOURCE_ROOT; };
		083CC1121F4CE0C00054FD31 /* eodevices.cpp */ = {isa = PBXFileReference; fileEncoding = 4; lastKnownFileType = sourcecode.cpp.cpp; path = eodevices.cpp; sourceTree = SOURCE_ROOT; };
		083CC1131F4CE0C00054FD31 /* testdevices.cpp */ = {isa = PBXFileReference; fileEncoding = 4; lastKnownFileType = sourcecode.cpp.cpp; path = testdevices.cpp; sourceTree = SOURCE_ROOT; };
		083CC1161F4CFCCD0054FD31 /* testing.cpp */ = {isa = PBXFileReference; fileEncoding = 4; lastKnownFileType = sourcecode.cpp.cpp; path = testing.cpp; sourceTree = SOURCE_ROOT; };
		083CC1171F4CFCCD0054FD31 /* testing.hpp */ = {isa = PBXFileReference; fileEncoding = 4; lastKnownFileType = sourcecode.cpp.h; path = testing.hpp; sourceTree = SOURCE_ROOT; };
		083CC1191F4CFCED0054FD31 /* boolean.cpp */ = {isa = PBXFileReference; fileEncoding = 4; lastKnownFileType = sourcecode.cpp.cpp; path = boolean.cpp; sourceTree = SOURCE_ROOT; };
		083CC11A1F4CFCED0054FD31 /* boolean.hpp */ = {isa = PBXFileReference; fileEncoding = 4; lastKnownFileType = sourcecode.cpp.h; path = boolean.hpp; sourceTree = SOURCE_ROOT; };
		084F2B791F5B3BE800C604EB /* window.cpp */ = {isa = PBXFileReference; fileEncoding = 4; lastKnownFileType = sourcecode.cpp.cpp; path = window.cpp; sourceTree = SOURCE_ROOT; };
		084F2B7A1F5B3BE800C604EB /* window.hpp */ = {isa = PBXFileReference; fileEncoding = 4; lastKnownFileType = sourcecode.cpp.h; path = window.hpp; sourceTree = SOURCE_ROOT; };
		08A8D16D1F58D16200DC4F70 /* engine.cpp */ = {isa = PBXFileReference; fileEncoding = 4; lastKnownFileType = sourcecode.cpp.cpp; path = engine.cpp; sourceTree = SOURCE_ROOT; };
		08A8D16E1F58D16200DC4F70 /* engine.hpp */ = {isa = PBXFileReference; fileEncoding = 4; lastKnownFileType = sourcecode.cpp.h; path = engine.hpp; sourceTree = SOURCE_ROOT; };
		08A8D1711F5B203C00DC4F70 /* pgdsNSOpenGLView.mm */ = {isa = PBXFileReference; fileEncoding = 4; lastKnownFileType = sourcecode.cpp.objcpp; name = pgdsNSOpenGLView.mm; path = macOS/pgdsNSOpenGLView.mm; sourceTree = SOURCE_ROOT; };
		08A8D1741F5B207500DC4F70 /* pgdsNSOpenGLView.h */ = {isa = PBXFileReference; fileEncoding = 4; lastKnownFileType = sourcecode.c.h; name = pgdsNSOpenGLView.h; path = macOS/pgdsNSOpenGLView.h; sourceTree = SOURCE_ROOT; };
		08D51B601F90342300091ECB /* pGDS OpenGL */ = {isa = PBXFileReference; explicitFileType = "compiled.mach-o.executable"; includeInIndex = 0; path = "pGDS OpenGL"; sourceTree = BUILT_PRODUCTS_DIR; };
		08FBFB851F00AF9300C35A59 /* pGDS.app */ = {isa = PBXFileReference; explicitFileType = "compiled.mach-o.executable"; includeInIndex = 0; path = pGDS.app; sourceTree = BUILT_PRODUCTS_DIR; };
/* End PBXFileReference section */

/* Begin PBXFrameworksBuildPhase section */
		08D51B551F90342200091ECB /* Frameworks */ = {
			isa = PBXFrameworksBuildPhase;
			buildActionMask = 2147483647;
			files = (
				08D51B561F90342200091ECB /* Foundation.framework in Frameworks */,
				08D51B571F90342200091ECB /* CoreData.framework in Frameworks */,
				08D51B581F90342200091ECB /* AppKit.framework in Frameworks */,
				08D51B591F90342200091ECB /* CoreVideo.framework in Frameworks */,
				08D51B5A1F90342200091ECB /* Cocoa.framework in Frameworks */,
				08D51B5B1F90342200091ECB /* OpenGL.framework in Frameworks */,
			);
			runOnlyForDeploymentPostprocessing = 0;
		};
		08FBFB821F00AF9300C35A59 /* Frameworks */ = {
			isa = PBXFrameworksBuildPhase;
			buildActionMask = 2147483647;
			files = (
				080BC5D91F06A2AE003BDE67 /* Foundation.framework in Frameworks */,
				080BC5D71F06A29D003BDE67 /* CoreData.framework in Frameworks */,
				080BC5D51F06A292003BDE67 /* AppKit.framework in Frameworks */,
				080BC5D31F06A198003BDE67 /* CoreVideo.framework in Frameworks */,
				080BC5CD1F069F2E003BDE67 /* Cocoa.framework in Frameworks */,
				080BC5A51F059D8E003BDE67 /* OpenGL.framework in Frameworks */,
			);
			runOnlyForDeploymentPostprocessing = 0;
		};
/* End PBXFrameworksBuildPhase section */

/* Begin PBXGroup section */
		080BC5A31F059D8E003BDE67 /* Frameworks */ = {
			isa = PBXGroup;
			children = (
				080BC5D81F06A2AE003BDE67 /* Foundation.framework */,
				080BC5D61F06A29D003BDE67 /* CoreData.framework */,
				080BC5D41F06A292003BDE67 /* AppKit.framework */,
				080BC5D21F06A198003BDE67 /* CoreVideo.framework */,
				080BC5CC1F069F2E003BDE67 /* Cocoa.framework */,
				080BC5A41F059D8E003BDE67 /* OpenGL.framework */,
			);
			name = Frameworks;
			sourceTree = "<group>";
		};
		080BC5DB1F06A539003BDE67 /* Resources */ = {
			isa = PBXGroup;
			children = (
				083CC0D81F4CE0170054FD31 /* MainMenu.xib */,
				083CC0DB1F4CE0170054FD31 /* Info.plist */,
			);
			name = Resources;
			path = "gds-test";
			sourceTree = "<group>";
		};
		083CC10F1F4CE0AD0054FD31 /* Devices */ = {
			isa = PBXGroup;
			children = (
				08156FAD1FA79A34009702F5 /* diamonddevices.hpp */,
				083CC1101F4CE0C00054FD31 /* eodevices.hpp */,
				083CC1111F4CE0C00054FD31 /* testdevices.hpp */,
				08156FAC1FA79A34009702F5 /* diamonddevices.cpp */,
				083CC1121F4CE0C00054FD31 /* eodevices.cpp */,
				083CC1131F4CE0C00054FD31 /* testdevices.cpp */,
			);
			name = Devices;
			sourceTree = "<group>";
		};
		08A8D1751F5B20A000DC4F70 /* macOS */ = {
			isa = PBXGroup;
			children = (
				08A8D1741F5B207500DC4F70 /* pgdsNSOpenGLView.h */,
				08A8D1711F5B203C00DC4F70 /* pgdsNSOpenGLView.mm */,
			);
			name = macOS;
			sourceTree = "<group>";
		};
		08FBFB7C1F00AF9300C35A59 = {
			isa = PBXGroup;
			children = (
				08FBFB871F00AF9300C35A59 /* pGDS */,
				080BC5DB1F06A539003BDE67 /* Resources */,
				08FBFB861F00AF9300C35A59 /* Products */,
				080BC5A31F059D8E003BDE67 /* Frameworks */,
			);
			sourceTree = "<group>";
		};
		08FBFB861F00AF9300C35A59 /* Products */ = {
			isa = PBXGroup;
			children = (
				08FBFB851F00AF9300C35A59 /* pGDS.app */,
				08D51B601F90342300091ECB /* pGDS OpenGL */,
			);
			name = Products;
			sourceTree = "<group>";
		};
		08FBFB871F00AF9300C35A59 /* pGDS */ = {
			isa = PBXGroup;
			children = (
				083CC0EB1F4CE0170054FD31 /* main.cpp */,
				083CC0FB1F4CE0170054FD31 /* main.mm */,
				083CC11A1F4CFCED0054FD31 /* boolean.hpp */,
				083CC0DD1F4CE0170054FD31 /* device.hpp */,
				08A8D16E1F58D16200DC4F70 /* engine.hpp */,
				083CC0DF1F4CE0170054FD31 /* font.hpp */,
				083CC0E01F4CE0170054FD31 /* material.hpp */,
				083CC0E11F4CE0170054FD31 /* math.hpp */,
				083CC0E21F4CE0170054FD31 /* polyline.hpp */,
				083CC0E31F4CE0170054FD31 /* primitives.hpp */,
				083CC1171F4CFCCD0054FD31 /* testing.hpp */,
				083CC0E61F4CE0170054FD31 /* vector.hpp */,
				084F2B7A1F5B3BE800C604EB /* window.hpp */,
				083CC1191F4CFCED0054FD31 /* boolean.cpp */,
				083CC0E81F4CE0170054FD31 /* device.cpp */,
				08A8D16D1F58D16200DC4F70 /* engine.cpp */,
				083CC0EA1F4CE0170054FD31 /* font.cpp */,
				083CC0EC1F4CE0170054FD31 /* material.cpp */,
				083CC0ED1F4CE0170054FD31 /* math.cpp */,
				083CC0EE1F4CE0170054FD31 /* polyline.cpp */,
				083CC0EF1F4CE0170054FD31 /* primitives.cpp */,
				083CC1161F4CFCCD0054FD31 /* testing.cpp */,
				083CC0F21F4CE0170054FD31 /* vector.cpp */,
				084F2B791F5B3BE800C604EB /* window.cpp */,
				08A8D1751F5B20A000DC4F70 /* macOS */,
				083CC10F1F4CE0AD0054FD31 /* Devices */,
			);
			name = pGDS;
			path = "gds-test";
			sourceTree = "<group>";
		};
/* End PBXGroup section */

/* Begin PBXNativeTarget section */
		08D51B441F90342200091ECB /* pGDS OpenGL */ = {
			isa = PBXNativeTarget;
			buildConfigurationList = 08D51B5D1F90342200091ECB /* Build configuration list for PBXNativeTarget "pGDS OpenGL" */;
			buildPhases = (
				08D51B451F90342200091ECB /* Sources */,
				08D51B551F90342200091ECB /* Frameworks */,
				08D51B5C1F90342200091ECB /* CopyFiles */,
			);
			buildRules = (
			);
			dependencies = (
			);
			name = "pGDS OpenGL";
			productName = "gds-test";
			productReference = 08D51B601F90342300091ECB /* pGDS OpenGL */;
			productType = "com.apple.product-type.tool";
		};
		08FBFB841F00AF9300C35A59 /* pGDS */ = {
			isa = PBXNativeTarget;
			buildConfigurationList = 08FBFB8C1F00AF9300C35A59 /* Build configuration list for PBXNativeTarget "pGDS" */;
			buildPhases = (
				08FBFB811F00AF9300C35A59 /* Sources */,
				08FBFB821F00AF9300C35A59 /* Frameworks */,
				08FBFB831F00AF9300C35A59 /* CopyFiles */,
			);
			buildRules = (
			);
			dependencies = (
			);
			name = pGDS;
			productName = "gds-test";
			productReference = 08FBFB851F00AF9300C35A59 /* pGDS.app */;
			productType = "com.apple.product-type.tool";
		};
/* End PBXNativeTarget section */

/* Begin PBXProject section */
		08FBFB7D1F00AF9300C35A59 /* Project object */ = {
			isa = PBXProject;
			attributes = {
				LastUpgradeCheck = 0830;
				ORGANIZATIONNAME = "Ian Christen";
				TargetAttributes = {
					08FBFB841F00AF9300C35A59 = {
						CreatedOnToolsVersion = 7.3.1;
					};
				};
			};
			buildConfigurationList = 08FBFB801F00AF9300C35A59 /* Build configuration list for PBXProject "pGDS" */;
			compatibilityVersion = "Xcode 3.2";
			developmentRegion = English;
			hasScannedForEncodings = 0;
			knownRegions = (
				en,
				Base,
			);
			mainGroup = 08FBFB7C1F00AF9300C35A59;
			productRefGroup = 08FBFB861F00AF9300C35A59 /* Products */;
			projectDirPath = "";
			projectRoot = "";
			targets = (
				08FBFB841F00AF9300C35A59 /* pGDS */,
				08D51B441F90342200091ECB /* pGDS OpenGL */,
			);
		};
/* End PBXProject section */

/* Begin PBXSourcesBuildPhase section */
		08D51B451F90342200091ECB /* Sources */ = {
			isa = PBXSourcesBuildPhase;
			buildActionMask = 2147483647;
			files = (
				08D51B611F90349F00091ECB /* main.mm in Sources */,
				08D51B461F90342200091ECB /* testing.cpp in Sources */,
				08D51B471F90342200091ECB /* testdevices.cpp in Sources */,
				08D51B481F90342200091ECB /* polyline.cpp in Sources */,
				08D51B491F90342200091ECB /* math.cpp in Sources */,
				08D51B4A1F90342200091ECB /* boolean.cpp in Sources */,
				08D51B4B1F90342200091ECB /* font.cpp in Sources */,
				08D51B4C1F90342200091ECB /* vector.cpp in Sources */,
				08D51B4D1F90342200091ECB /* material.cpp in Sources */,
				08D51B4E1F90342200091ECB /* eodevices.cpp in Sources */,
				08D51B4F1F90342200091ECB /* primitives.cpp in Sources */,
				08D51B511F90342200091ECB /* pgdsNSOpenGLView.mm in Sources */,
				08D51B521F90342200091ECB /* window.cpp in Sources */,
				08D51B531F90342200091ECB /* engine.cpp in Sources */,
				08D51B541F90342200091ECB /* device.cpp in Sources */,
			);
			runOnlyForDeploymentPostprocessing = 0;
		};
		08FBFB811F00AF9300C35A59 /* Sources */ = {
			isa = PBXSourcesBuildPhase;
			buildActionMask = 2147483647;
			files = (
				083CC1181F4CFCCD0054FD31 /* testing.cpp in Sources */,
				083CC1151F4CE0C00054FD31 /* testdevices.cpp in Sources */,
				08156FAE1FA79A34009702F5 /* diamonddevices.cpp in Sources */,
				083CC1051F4CE0170054FD31 /* polyline.cpp in Sources */,
				083CC1041F4CE0170054FD31 /* math.cpp in Sources */,
				083CC11B1F4CFCED0054FD31 /* boolean.cpp in Sources */,
				083CC1011F4CE0170054FD31 /* font.cpp in Sources */,
				083CC1091F4CE0170054FD31 /* vector.cpp in Sources */,
				083CC1031F4CE0170054FD31 /* material.cpp in Sources */,
				083CC1141F4CE0C00054FD31 /* eodevices.cpp in Sources */,
				083CC1061F4CE0170054FD31 /* primitives.cpp in Sources */,
				083CC1021F4CE0170054FD31 /* main.cpp in Sources */,
				08A8D1721F5B203C00DC4F70 /* pgdsNSOpenGLView.mm in Sources */,
				084F2B7B1F5B3BE800C604EB /* window.cpp in Sources */,
				08A8D16F1F58D16200DC4F70 /* engine.cpp in Sources */,
				083CC0FF1F4CE0170054FD31 /* device.cpp in Sources */,
			);
			runOnlyForDeploymentPostprocessing = 0;
		};
/* End PBXSourcesBuildPhase section */

/* Begin XCBuildConfiguration section */
		08D51B5E1F90342200091ECB /* Debug */ = {
			isa = XCBuildConfiguration;
			buildSettings = {
				ALWAYS_SEARCH_USER_PATHS = YES;
				GCC_OPTIMIZATION_LEVEL = 0;
				GCC_PREPROCESSOR_DEFINITIONS = (
					"DEBUG=1",
					"MATLABPATH=#/Applications/Code/MATLAB_R2017a.app",
				);
				HEADER_SEARCH_PATHS = (
					/Applications/Code/MATLAB_R2017a.app/,
					/opt/local/include,
					/usr/local/inlcude,
				);
				INFOPLIST_FILE = "pGDS copy-Info.plist";
				LIBRARY_SEARCH_PATHS = (
					/Applications/Code/MATLAB_R2017a.app/bin/maci64,
					/opt/local/lib,
					/usr/local/lib,
				);
				MACOSX_DEPLOYMENT_TARGET = 10.12;
				OTHER_LDFLAGS = (
					"-lGLEW",
					"-lGLU",
					"-lGL",
				);
				PRODUCT_NAME = "$(TARGET_NAME)";
			};
			name = Debug;
		};
		08D51B5F1F90342200091ECB /* Release */ = {
			isa = XCBuildConfiguration;
			buildSettings = {
				ALWAYS_SEARCH_USER_PATHS = YES;
				GCC_OPTIMIZATION_LEVEL = 0;
				GCC_PREPROCESSOR_DEFINITIONS = "MATLABPATH=#/Applications/Code/MATLAB_R2017a.app";
				HEADER_SEARCH_PATHS = (
					/Applications/Code/MATLAB_R2017a.app/,
					/opt/local/include,
					/usr/local/inlcude,
				);
				INFOPLIST_FILE = "pGDS copy-Info.plist";
				LIBRARY_SEARCH_PATHS = (
					/Applications/Code/MATLAB_R2017a.app/bin/maci64,
					/opt/local/lib,
					/usr/local/lib,
				);
				MACOSX_DEPLOYMENT_TARGET = 10.12;
				OTHER_LDFLAGS = (
					"-lGLEW",
					"-lGLU",
					"-lGL",
				);
				PRODUCT_NAME = "$(TARGET_NAME)";
			};
			name = Release;
		};
		08FBFB8A1F00AF9300C35A59 /* Debug */ = {
			isa = XCBuildConfiguration;
			buildSettings = {
				ALWAYS_SEARCH_USER_PATHS = NO;
				CLANG_ANALYZER_NONNULL = YES;
				CLANG_CXX_LANGUAGE_STANDARD = "gnu++0x";
				CLANG_CXX_LIBRARY = "libc++";
				CLANG_ENABLE_MODULES = YES;
				CLANG_ENABLE_OBJC_ARC = YES;
				CLANG_WARN_BOOL_CONVERSION = YES;
				CLANG_WARN_CONSTANT_CONVERSION = YES;
				CLANG_WARN_DIRECT_OBJC_ISA_USAGE = YES_ERROR;
				CLANG_WARN_EMPTY_BODY = YES;
				CLANG_WARN_ENUM_CONVERSION = YES;
				CLANG_WARN_INFINITE_RECURSION = YES;
				CLANG_WARN_INT_CONVERSION = YES;
				CLANG_WARN_OBJC_ROOT_CLASS = YES_ERROR;
				CLANG_WARN_SUSPICIOUS_MOVE = YES;
				CLANG_WARN_UNREACHABLE_CODE = YES;
				CLANG_WARN__DUPLICATE_METHOD_MATCH = YES;
				CODE_SIGN_IDENTITY = "-";
				COPY_PHASE_STRIP = NO;
				DEBUG_INFORMATION_FORMAT = dwarf;
				ENABLE_STRICT_OBJC_MSGSEND = YES;
				ENABLE_TESTABILITY = YES;
				GCC_C_LANGUAGE_STANDARD = gnu99;
				GCC_DYNAMIC_NO_PIC = NO;
				GCC_NO_COMMON_BLOCKS = YES;
				GCC_OPTIMIZATION_LEVEL = 0;
				GCC_PREPROCESSOR_DEFINITIONS = (
					"DEBUG=1",
					"$(inherited)",
				);
				GCC_WARN_64_TO_32_BIT_CONVERSION = YES;
				GCC_WARN_ABOUT_RETURN_TYPE = YES_ERROR;
				GCC_WARN_UNDECLARED_SELECTOR = YES;
				GCC_WARN_UNINITIALIZED_AUTOS = YES_AGGRESSIVE;
				GCC_WARN_UNUSED_FUNCTION = YES;
				GCC_WARN_UNUSED_VARIABLE = YES;
				MACOSX_DEPLOYMENT_TARGET = 10.12;
				MTL_ENABLE_DEBUG_INFO = YES;
				ONLY_ACTIVE_ARCH = YES;
				SDKROOT = macosx;
			};
			name = Debug;
		};
		08FBFB8B1F00AF9300C35A59 /* Release */ = {
			isa = XCBuildConfiguration;
			buildSettings = {
				ALWAYS_SEARCH_USER_PATHS = NO;
				CLANG_ANALYZER_NONNULL = YES;
				CLANG_CXX_LANGUAGE_STANDARD = "gnu++0x";
				CLANG_CXX_LIBRARY = "libc++";
				CLANG_ENABLE_MODULES = YES;
				CLANG_ENABLE_OBJC_ARC = YES;
				CLANG_WARN_BOOL_CONVERSION = YES;
				CLANG_WARN_CONSTANT_CONVERSION = YES;
				CLANG_WARN_DIRECT_OBJC_ISA_USAGE = YES_ERROR;
				CLANG_WARN_EMPTY_BODY = YES;
				CLANG_WARN_ENUM_CONVERSION = YES;
				CLANG_WARN_INFINITE_RECURSION = YES;
				CLANG_WARN_INT_CONVERSION = YES;
				CLANG_WARN_OBJC_ROOT_CLASS = YES_ERROR;
				CLANG_WARN_SUSPICIOUS_MOVE = YES;
				CLANG_WARN_UNREACHABLE_CODE = YES;
				CLANG_WARN__DUPLICATE_METHOD_MATCH = YES;
				CODE_SIGN_IDENTITY = "-";
				COPY_PHASE_STRIP = NO;
				DEBUG_INFORMATION_FORMAT = "dwarf-with-dsym";
				ENABLE_NS_ASSERTIONS = NO;
				ENABLE_STRICT_OBJC_MSGSEND = YES;
				GCC_C_LANGUAGE_STANDARD = gnu99;
				GCC_NO_COMMON_BLOCKS = YES;
				GCC_WARN_64_TO_32_BIT_CONVERSION = YES;
				GCC_WARN_ABOUT_RETURN_TYPE = YES_ERROR;
				GCC_WARN_UNDECLARED_SELECTOR = YES;
				GCC_WARN_UNINITIALIZED_AUTOS = YES_AGGRESSIVE;
				GCC_WARN_UNUSED_FUNCTION = YES;
				GCC_WARN_UNUSED_VARIABLE = YES;
				MACOSX_DEPLOYMENT_TARGET = 10.12;
				MTL_ENABLE_DEBUG_INFO = NO;
				SDKROOT = macosx;
			};
			name = Release;
		};
		08FBFB8D1F00AF9300C35A59 /* Debug */ = {
			isa = XCBuildConfiguration;
			buildSettings = {
				ALWAYS_SEARCH_USER_PATHS = YES;
				GCC_OPTIMIZATION_LEVEL = 0;
				GCC_PREPROCESSOR_DEFINITIONS = (
					"DEBUG=1",
					"MATLABPATH=#/Applications/Code/MATLAB_R2017a.app",
				);
				HEADER_SEARCH_PATHS = (
					/usr/local/opt/freetype/include/freetype2,
					/Applications/Code/MATLAB_R2017a.app/,
				);
				INFOPLIST_FILE = "$(SRCROOT)/pGDS/macOS OpenGL/Info.plist";
				LIBRARY_SEARCH_PATHS = (
					/usr/local/opt/freetype/lib,
					/Applications/Code/MATLAB_R2017a.app/bin/maci64,
				);
				MACOSX_DEPLOYMENT_TARGET = 10.12;
				OTHER_LDFLAGS = "-lfreetype";
				PRODUCT_NAME = "$(TARGET_NAME).app";
			};
			name = Debug;
		};
		08FBFB8E1F00AF9300C35A59 /* Release */ = {
			isa = XCBuildConfiguration;
			buildSettings = {
				ALWAYS_SEARCH_USER_PATHS = YES;
				GCC_OPTIMIZATION_LEVEL = 0;
				GCC_PREPROCESSOR_DEFINITIONS = "MATLABPATH=#/Applications/Code/MATLAB_R2017a.app";
				HEADER_SEARCH_PATHS = (
					/usr/local/opt/freetype/include/freetype2,
					/Applications/Code/MATLAB_R2017a.app/,
				);
				INFOPLIST_FILE = "$(SRCROOT)/pGDS/macOS OpenGL/Info.plist";
				LIBRARY_SEARCH_PATHS = (
					/usr/local/opt/freetype/lib,
					/Applications/Code/MATLAB_R2017a.app/bin/maci64,
				);
				MACOSX_DEPLOYMENT_TARGET = 10.12;
				OTHER_LDFLAGS = "-lfreetype";
				PRODUCT_NAME = "$(TARGET_NAME).app";
			};
			name = Release;
		};
/* End XCBuildConfiguration section */

/* Begin XCConfigurationList section */
		08D51B5D1F90342200091ECB /* Build configuration list for PBXNativeTarget "pGDS OpenGL" */ = {
			isa = XCConfigurationList;
			buildConfigurations = (
				08D51B5E1F90342200091ECB /* Debug */,
				08D51B5F1F90342200091ECB /* Release */,
			);
			defaultConfigurationIsVisible = 0;
			defaultConfigurationName = Debug;
		};
		08FBFB801F00AF9300C35A59 /* Build configuration list for PBXProject "pGDS" */ = {
			isa = XCConfigurationList;
			buildConfigurations = (
				08FBFB8A1F00AF9300C35A59 /* Debug */,
				08FBFB8B1F00AF9300C35A59 /* Release */,
			);
			defaultConfigurationIsVisible = 0;
			defaultConfigurationName = Debug;
		};
		08FBFB8C1F00AF9300C35A59 /* Build configuration list for PBXNativeTarget "pGDS" */ = {
			isa = XCConfigurationList;
			buildConfigurations = (
				08FBFB8D1F00AF9300C35A59 /* Debug */,
				08FBFB8E1F00AF9300C35A59 /* Release */,
			);
			defaultConfigurationIsVisible = 0;
			defaultConfigurationName = Debug;
		};
/* End XCConfigurationList section */
	};
	rootObject = 08FBFB7D1F00AF9300C35A59 /* Project object */;
}
